
Microsoft Visual Studio Solution File, Format Version 12.00
# Visual Studio Version 17
VisualStudioVersion = 17.0.31903.59
MinimumVisualStudioVersion = 10.0.40219.1
Project("{2150E333-8FDC-42A3-9474-1A3956D46DE8}") = "src", "src", "{3D51F946-1BBD-429A-901E-09D42AF1FA90}"
EndProject
Project("{FAE04EC0-301F-11D3-BF4B-00C04F79EFBC}") = "Webion.Docs.Client", "src\Webion.Docs.Client\Webion.Docs.Client.csproj", "{3279A9DD-26D3-40F9-9929-65B16A4ADD1D}"
EndProject
Global
	GlobalSection(SolutionConfigurationPlatforms) = preSolution
		Debug|Any CPU = Debug|Any CPU
		Release|Any CPU = Release|Any CPU
	EndGlobalSection
	GlobalSection(SolutionProperties) = preSolution
		HideSolutionNode = FALSE
	EndGlobalSection
	GlobalSection(ProjectConfigurationPlatforms) = postSolution
		{3279A9DD-26D3-40F9-9929-65B16A4ADD1D}.Debug|Any CPU.ActiveCfg = Debug|Any CPU
		{3279A9DD-26D3-40F9-9929-65B16A4ADD1D}.Debug|Any CPU.Build.0 = Debug|Any CPU
		{3279A9DD-26D3-40F9-9929-65B16A4ADD1D}.Release|Any CPU.ActiveCfg = Release|Any CPU
		{3279A9DD-26D3-40F9-9929-65B16A4ADD1D}.Release|Any CPU.Build.0 = Release|Any CPU
	EndGlobalSection
	GlobalSection(NestedProjects) = preSolution
		{3279A9DD-26D3-40F9-9929-65B16A4ADD1D} = {3D51F946-1BBD-429A-901E-09D42AF1FA90}
	EndGlobalSection
EndGlobal
